// !$*UTF8*$!
{
	archiveVersion = 1;
	classes = {
	};
	objectVersion = 50;
	objects = {

/* Begin PBXBuildFile section */
		73FC47FA84FF7803AD3C4DE9 /* Pods_Arean.framework in Frameworks */ = {isa = PBXBuildFile; fileRef = 4652BE3D5EA2E84F8402E716 /* Pods_Arean.framework */; };
		E102F9112207F572002CBE68 /* AppDelegate.swift in Sources */ = {isa = PBXBuildFile; fileRef = E102F9102207F572002CBE68 /* AppDelegate.swift */; };
		E102F9132207F572002CBE68 /* ViewController.swift in Sources */ = {isa = PBXBuildFile; fileRef = E102F9122207F572002CBE68 /* ViewController.swift */; };
		E102F9162207F572002CBE68 /* Main.storyboard in Resources */ = {isa = PBXBuildFile; fileRef = E102F9142207F572002CBE68 /* Main.storyboard */; };
		E102F9182207F573002CBE68 /* Assets.xcassets in Resources */ = {isa = PBXBuildFile; fileRef = E102F9172207F573002CBE68 /* Assets.xcassets */; };
		E102F91B2207F573002CBE68 /* LaunchScreen.storyboard in Resources */ = {isa = PBXBuildFile; fileRef = E102F9192207F573002CBE68 /* LaunchScreen.storyboard */; };
		E102F9262207F573002CBE68 /* AreanTests.swift in Sources */ = {isa = PBXBuildFile; fileRef = E102F9252207F573002CBE68 /* AreanTests.swift */; };
		E102F9312207F573002CBE68 /* AreanUITests.swift in Sources */ = {isa = PBXBuildFile; fileRef = E102F9302207F573002CBE68 /* AreanUITests.swift */; };
		E102F9422207FB58002CBE68 /* cameraController.swift in Sources */ = {isa = PBXBuildFile; fileRef = E102F9412207FB58002CBE68 /* cameraController.swift */; };
		E1512DCC2208375400E2544D /* GoogleService-Info.plist in Resources */ = {isa = PBXBuildFile; fileRef = E1512DCB2208375300E2544D /* GoogleService-Info.plist */; };
		E1512DCF22083AB100E2544D /* CameraControllerData.swift in Sources */ = {isa = PBXBuildFile; fileRef = E1512DCE22083AB100E2544D /* CameraControllerData.swift */; };
		E1890C922209690A00DF1355 /* areaViewController.swift in Sources */ = {isa = PBXBuildFile; fileRef = E1890C912209690A00DF1355 /* areaViewController.swift */; };
/* End PBXBuildFile section */

/* Begin PBXContainerItemProxy section */
		E102F9222207F573002CBE68 /* PBXContainerItemProxy */ = {
			isa = PBXContainerItemProxy;
			containerPortal = E102F9052207F572002CBE68 /* Project object */;
			proxyType = 1;
			remoteGlobalIDString = E102F90C2207F572002CBE68;
			remoteInfo = Arean;
		};
		E102F92D2207F573002CBE68 /* PBXContainerItemProxy */ = {
			isa = PBXContainerItemProxy;
			containerPortal = E102F9052207F572002CBE68 /* Project object */;
			proxyType = 1;
			remoteGlobalIDString = E102F90C2207F572002CBE68;
			remoteInfo = Arean;
		};
/* End PBXContainerItemProxy section */

/* Begin PBXFileReference section */
		2E3E97FF44FE6EFFBD6D3DD6 /* Pods-Arean.debug.xcconfig */ = {isa = PBXFileReference; includeInIndex = 1; lastKnownFileType = text.xcconfig; name = "Pods-Arean.debug.xcconfig"; path = "Pods/Target Support Files/Pods-Arean/Pods-Arean.debug.xcconfig"; sourceTree = "<group>"; };
		4652BE3D5EA2E84F8402E716 /* Pods_Arean.framework */ = {isa = PBXFileReference; explicitFileType = wrapper.framework; includeInIndex = 0; path = Pods_Arean.framework; sourceTree = BUILT_PRODUCTS_DIR; };
		9ECED3B48BD51DD3FCD8C709 /* Pods-Arean.release.xcconfig */ = {isa = PBXFileReference; includeInIndex = 1; lastKnownFileType = text.xcconfig; name = "Pods-Arean.release.xcconfig"; path = "Pods/Target Support Files/Pods-Arean/Pods-Arean.release.xcconfig"; sourceTree = "<group>"; };
		E102F90D2207F572002CBE68 /* Arean.app */ = {isa = PBXFileReference; explicitFileType = wrapper.application; includeInIndex = 0; path = Arean.app; sourceTree = BUILT_PRODUCTS_DIR; };
		E102F9102207F572002CBE68 /* AppDelegate.swift */ = {isa = PBXFileReference; lastKnownFileType = sourcecode.swift; path = AppDelegate.swift; sourceTree = "<group>"; };
		E102F9122207F572002CBE68 /* ViewController.swift */ = {isa = PBXFileReference; lastKnownFileType = sourcecode.swift; path = ViewController.swift; sourceTree = "<group>"; };
		E102F9152207F572002CBE68 /* Base */ = {isa = PBXFileReference; lastKnownFileType = file.storyboard; name = Base; path = Base.lproj/Main.storyboard; sourceTree = "<group>"; };
		E102F9172207F573002CBE68 /* Assets.xcassets */ = {isa = PBXFileReference; lastKnownFileType = folder.assetcatalog; path = Assets.xcassets; sourceTree = "<group>"; };
		E102F91A2207F573002CBE68 /* Base */ = {isa = PBXFileReference; lastKnownFileType = file.storyboard; name = Base; path = Base.lproj/LaunchScreen.storyboard; sourceTree = "<group>"; };
		E102F91C2207F573002CBE68 /* Info.plist */ = {isa = PBXFileReference; lastKnownFileType = text.plist.xml; path = Info.plist; sourceTree = "<group>"; };
		E102F9212207F573002CBE68 /* AreanTests.xctest */ = {isa = PBXFileReference; explicitFileType = wrapper.cfbundle; includeInIndex = 0; path = AreanTests.xctest; sourceTree = BUILT_PRODUCTS_DIR; };
		E102F9252207F573002CBE68 /* AreanTests.swift */ = {isa = PBXFileReference; lastKnownFileType = sourcecode.swift; path = AreanTests.swift; sourceTree = "<group>"; };
		E102F9272207F573002CBE68 /* Info.plist */ = {isa = PBXFileReference; lastKnownFileType = text.plist.xml; path = Info.plist; sourceTree = "<group>"; };
		E102F92C2207F573002CBE68 /* AreanUITests.xctest */ = {isa = PBXFileReference; explicitFileType = wrapper.cfbundle; includeInIndex = 0; path = AreanUITests.xctest; sourceTree = BUILT_PRODUCTS_DIR; };
		E102F9302207F573002CBE68 /* AreanUITests.swift */ = {isa = PBXFileReference; lastKnownFileType = sourcecode.swift; path = AreanUITests.swift; sourceTree = "<group>"; };
		E102F9322207F573002CBE68 /* Info.plist */ = {isa = PBXFileReference; lastKnownFileType = text.plist.xml; path = Info.plist; sourceTree = "<group>"; };
		E102F9412207FB58002CBE68 /* cameraController.swift */ = {isa = PBXFileReference; lastKnownFileType = sourcecode.swift; path = cameraController.swift; sourceTree = "<group>"; };
		E1512DCB2208375300E2544D /* GoogleService-Info.plist */ = {isa = PBXFileReference; fileEncoding = 4; lastKnownFileType = text.plist.xml; path = "GoogleService-Info.plist"; sourceTree = "<group>"; };
		E1512DCE22083AB100E2544D /* CameraControllerData.swift */ = {isa = PBXFileReference; lastKnownFileType = sourcecode.swift; path = CameraControllerData.swift; sourceTree = "<group>"; };
		E1890C912209690A00DF1355 /* areaViewController.swift */ = {isa = PBXFileReference; lastKnownFileType = sourcecode.swift; path = areaViewController.swift; sourceTree = "<group>"; };
/* End PBXFileReference section */

/* Begin PBXFrameworksBuildPhase section */
		E102F90A2207F572002CBE68 /* Frameworks */ = {
			isa = PBXFrameworksBuildPhase;
			buildActionMask = 2147483647;
			files = (
				73FC47FA84FF7803AD3C4DE9 /* Pods_Arean.framework in Frameworks */,
			);
			runOnlyForDeploymentPostprocessing = 0;
		};
		E102F91E2207F573002CBE68 /* Frameworks */ = {
			isa = PBXFrameworksBuildPhase;
			buildActionMask = 2147483647;
			files = (
			);
			runOnlyForDeploymentPostprocessing = 0;
		};
		E102F9292207F573002CBE68 /* Frameworks */ = {
			isa = PBXFrameworksBuildPhase;
			buildActionMask = 2147483647;
			files = (
			);
			runOnlyForDeploymentPostprocessing = 0;
		};
/* End PBXFrameworksBuildPhase section */

/* Begin PBXGroup section */
		99F3D30E23B48DFA5D5FFC4B /* Pods */ = {
			isa = PBXGroup;
			children = (
				2E3E97FF44FE6EFFBD6D3DD6 /* Pods-Arean.debug.xcconfig */,
				9ECED3B48BD51DD3FCD8C709 /* Pods-Arean.release.xcconfig */,
			);
			name = Pods;
			sourceTree = "<group>";
		};
		B22001038E75CC5D38F59CD3 /* Frameworks */ = {
			isa = PBXGroup;
			children = (
				4652BE3D5EA2E84F8402E716 /* Pods_Arean.framework */,
			);
			name = Frameworks;
			sourceTree = "<group>";
		};
		E102F9042207F572002CBE68 = {
			isa = PBXGroup;
			children = (
				E102F90F2207F572002CBE68 /* Arean */,
				E102F9242207F573002CBE68 /* AreanTests */,
				E102F92F2207F573002CBE68 /* AreanUITests */,
				E102F90E2207F572002CBE68 /* Products */,
				99F3D30E23B48DFA5D5FFC4B /* Pods */,
				B22001038E75CC5D38F59CD3 /* Frameworks */,
			);
			sourceTree = "<group>";
		};
		E102F90E2207F572002CBE68 /* Products */ = {
			isa = PBXGroup;
			children = (
				E102F90D2207F572002CBE68 /* Arean.app */,
				E102F9212207F573002CBE68 /* AreanTests.xctest */,
				E102F92C2207F573002CBE68 /* AreanUITests.xctest */,
			);
			name = Products;
			sourceTree = "<group>";
		};
		E102F90F2207F572002CBE68 /* Arean */ = {
			isa = PBXGroup;
			children = (
				E1512DCD22083AA300E2544D /* FireBase */,
				E102F93E2207F688002CBE68 /* controller */,
				E102F9102207F572002CBE68 /* AppDelegate.swift */,
				E102F9122207F572002CBE68 /* ViewController.swift */,
				E102F9142207F572002CBE68 /* Main.storyboard */,
				E102F9172207F573002CBE68 /* Assets.xcassets */,
				E102F9192207F573002CBE68 /* LaunchScreen.storyboard */,
				E102F91C2207F573002CBE68 /* Info.plist */,
				E1512DCB2208375300E2544D /* GoogleService-Info.plist */,
			);
			path = Arean;
			sourceTree = "<group>";
		};
		E102F9242207F573002CBE68 /* AreanTests */ = {
			isa = PBXGroup;
			children = (
				E102F9252207F573002CBE68 /* AreanTests.swift */,
				E102F9272207F573002CBE68 /* Info.plist */,
			);
			path = AreanTests;
			sourceTree = "<group>";
		};
		E102F92F2207F573002CBE68 /* AreanUITests */ = {
			isa = PBXGroup;
			children = (
				E102F9302207F573002CBE68 /* AreanUITests.swift */,
				E102F9322207F573002CBE68 /* Info.plist */,
			);
			path = AreanUITests;
			sourceTree = "<group>";
		};
		E102F93E2207F688002CBE68 /* controller */ = {
			isa = PBXGroup;
			children = (
				E102F9412207FB58002CBE68 /* cameraController.swift */,
				E1890C912209690A00DF1355 /* areaViewController.swift */,
			);
			name = controller;
			sourceTree = "<group>";
		};
		E1512DCD22083AA300E2544D /* FireBase */ = {
			isa = PBXGroup;
			children = (
				E1512DCE22083AB100E2544D /* CameraControllerData.swift */,
			);
			path = FireBase;
			sourceTree = "<group>";
		};
/* End PBXGroup section */

/* Begin PBXNativeTarget section */
		E102F90C2207F572002CBE68 /* Arean */ = {
			isa = PBXNativeTarget;
			buildConfigurationList = E102F9352207F573002CBE68 /* Build configuration list for PBXNativeTarget "Arean" */;
			buildPhases = (
				3E550A5E98AC8C81D6160300 /* [CP] Check Pods Manifest.lock */,
				E102F9092207F572002CBE68 /* Sources */,
				E102F90A2207F572002CBE68 /* Frameworks */,
				E102F90B2207F572002CBE68 /* Resources */,
				24CC35F70644C25D54C49734 /* [CP] Embed Pods Frameworks */,
			);
			buildRules = (
			);
			dependencies = (
			);
			name = Arean;
			productName = Arean;
			productReference = E102F90D2207F572002CBE68 /* Arean.app */;
			productType = "com.apple.product-type.application";
		};
		E102F9202207F573002CBE68 /* AreanTests */ = {
			isa = PBXNativeTarget;
			buildConfigurationList = E102F9382207F573002CBE68 /* Build configuration list for PBXNativeTarget "AreanTests" */;
			buildPhases = (
				E102F91D2207F573002CBE68 /* Sources */,
				E102F91E2207F573002CBE68 /* Frameworks */,
				E102F91F2207F573002CBE68 /* Resources */,
			);
			buildRules = (
			);
			dependencies = (
				E102F9232207F573002CBE68 /* PBXTargetDependency */,
			);
			name = AreanTests;
			productName = AreanTests;
			productReference = E102F9212207F573002CBE68 /* AreanTests.xctest */;
			productType = "com.apple.product-type.bundle.unit-test";
		};
		E102F92B2207F573002CBE68 /* AreanUITests */ = {
			isa = PBXNativeTarget;
			buildConfigurationList = E102F93B2207F573002CBE68 /* Build configuration list for PBXNativeTarget "AreanUITests" */;
			buildPhases = (
				E102F9282207F573002CBE68 /* Sources */,
				E102F9292207F573002CBE68 /* Frameworks */,
				E102F92A2207F573002CBE68 /* Resources */,
			);
			buildRules = (
			);
			dependencies = (
				E102F92E2207F573002CBE68 /* PBXTargetDependency */,
			);
			name = AreanUITests;
			productName = AreanUITests;
			productReference = E102F92C2207F573002CBE68 /* AreanUITests.xctest */;
			productType = "com.apple.product-type.bundle.ui-testing";
		};
/* End PBXNativeTarget section */

/* Begin PBXProject section */
		E102F9052207F572002CBE68 /* Project object */ = {
			isa = PBXProject;
			attributes = {
				LastSwiftUpdateCheck = 1010;
				LastUpgradeCheck = 1010;
				ORGANIZATIONNAME = WW;
				TargetAttributes = {
					E102F90C2207F572002CBE68 = {
						CreatedOnToolsVersion = 10.1;
					};
					E102F9202207F573002CBE68 = {
						CreatedOnToolsVersion = 10.1;
						TestTargetID = E102F90C2207F572002CBE68;
					};
					E102F92B2207F573002CBE68 = {
						CreatedOnToolsVersion = 10.1;
						TestTargetID = E102F90C2207F572002CBE68;
					};
				};
			};
			buildConfigurationList = E102F9082207F572002CBE68 /* Build configuration list for PBXProject "Arean" */;
			compatibilityVersion = "Xcode 9.3";
			developmentRegion = en;
			hasScannedForEncodings = 0;
			knownRegions = (
				en,
				Base,
			);
			mainGroup = E102F9042207F572002CBE68;
			productRefGroup = E102F90E2207F572002CBE68 /* Products */;
			projectDirPath = "";
			projectRoot = "";
			targets = (
				E102F90C2207F572002CBE68 /* Arean */,
				E102F9202207F573002CBE68 /* AreanTests */,
				E102F92B2207F573002CBE68 /* AreanUITests */,
			);
		};
/* End PBXProject section */

/* Begin PBXResourcesBuildPhase section */
		E102F90B2207F572002CBE68 /* Resources */ = {
			isa = PBXResourcesBuildPhase;
			buildActionMask = 2147483647;
			files = (
				E102F91B2207F573002CBE68 /* LaunchScreen.storyboard in Resources */,
				E1512DCC2208375400E2544D /* GoogleService-Info.plist in Resources */,
				E102F9182207F573002CBE68 /* Assets.xcassets in Resources */,
				E102F9162207F572002CBE68 /* Main.storyboard in Resources */,
			);
			runOnlyForDeploymentPostprocessing = 0;
		};
		E102F91F2207F573002CBE68 /* Resources */ = {
			isa = PBXResourcesBuildPhase;
			buildActionMask = 2147483647;
			files = (
			);
			runOnlyForDeploymentPostprocessing = 0;
		};
		E102F92A2207F573002CBE68 /* Resources */ = {
			isa = PBXResourcesBuildPhase;
			buildActionMask = 2147483647;
			files = (
			);
			runOnlyForDeploymentPostprocessing = 0;
		};
/* End PBXResourcesBuildPhase section */

/* Begin PBXShellScriptBuildPhase section */
		24CC35F70644C25D54C49734 /* [CP] Embed Pods Frameworks */ = {
			isa = PBXShellScriptBuildPhase;
			buildActionMask = 2147483647;
			files = (
			);
			inputFileListPaths = (
			);
			inputPaths = (
				"${SRCROOT}/Pods/Target Support Files/Pods-Arean/Pods-Arean-frameworks.sh",
				"${BUILT_PRODUCTS_DIR}/GTMSessionFetcher/GTMSessionFetcher.framework",
				"${BUILT_PRODUCTS_DIR}/GoogleUtilities/GoogleUtilities.framework",
				"${BUILT_PRODUCTS_DIR}/leveldb-library/leveldb.framework",
				"${BUILT_PRODUCTS_DIR}/nanopb/nanopb.framework",
			);
			name = "[CP] Embed Pods Frameworks";
			outputFileListPaths = (
			);
			outputPaths = (
				"${TARGET_BUILD_DIR}/${FRAMEWORKS_FOLDER_PATH}/GTMSessionFetcher.framework",
				"${TARGET_BUILD_DIR}/${FRAMEWORKS_FOLDER_PATH}/GoogleUtilities.framework",
				"${TARGET_BUILD_DIR}/${FRAMEWORKS_FOLDER_PATH}/leveldb.framework",
				"${TARGET_BUILD_DIR}/${FRAMEWORKS_FOLDER_PATH}/nanopb.framework",
			);
			runOnlyForDeploymentPostprocessing = 0;
			shellPath = /bin/sh;
			shellScript = "\"${SRCROOT}/Pods/Target Support Files/Pods-Arean/Pods-Arean-frameworks.sh\"\n";
			showEnvVarsInLog = 0;
		};
		3E550A5E98AC8C81D6160300 /* [CP] Check Pods Manifest.lock */ = {
			isa = PBXShellScriptBuildPhase;
			buildActionMask = 2147483647;
			files = (
			);
			inputFileListPaths = (
			);
			inputPaths = (
				"${PODS_PODFILE_DIR_PATH}/Podfile.lock",
				"${PODS_ROOT}/Manifest.lock",
			);
			name = "[CP] Check Pods Manifest.lock";
			outputFileListPaths = (
			);
			outputPaths = (
				"$(DERIVED_FILE_DIR)/Pods-Arean-checkManifestLockResult.txt",
			);
			runOnlyForDeploymentPostprocessing = 0;
			shellPath = /bin/sh;
			shellScript = "diff \"${PODS_PODFILE_DIR_PATH}/Podfile.lock\" \"${PODS_ROOT}/Manifest.lock\" > /dev/null\nif [ $? != 0 ] ; then\n    # print error to STDERR\n    echo \"error: The sandbox is not in sync with the Podfile.lock. Run 'pod install' or update your CocoaPods installation.\" >&2\n    exit 1\nfi\n# This output is used by Xcode 'outputs' to avoid re-running this script phase.\necho \"SUCCESS\" > \"${SCRIPT_OUTPUT_FILE_0}\"\n";
			showEnvVarsInLog = 0;
		};
/* End PBXShellScriptBuildPhase section */

/* Begin PBXSourcesBuildPhase section */
		E102F9092207F572002CBE68 /* Sources */ = {
			isa = PBXSourcesBuildPhase;
			buildActionMask = 2147483647;
			files = (
				E102F9132207F572002CBE68 /* ViewController.swift in Sources */,
				E1512DCF22083AB100E2544D /* CameraControllerData.swift in Sources */,
				E102F9422207FB58002CBE68 /* cameraController.swift in Sources */,
				E1890C922209690A00DF1355 /* areaViewController.swift in Sources */,
				E102F9112207F572002CBE68 /* AppDelegate.swift in Sources */,
			);
			runOnlyForDeploymentPostprocessing = 0;
		};
		E102F91D2207F573002CBE68 /* Sources */ = {
			isa = PBXSourcesBuildPhase;
			buildActionMask = 2147483647;
			files = (
				E102F9262207F573002CBE68 /* AreanTests.swift in Sources */,
			);
			runOnlyForDeploymentPostprocessing = 0;
		};
		E102F9282207F573002CBE68 /* Sources */ = {
			isa = PBXSourcesBuildPhase;
			buildActionMask = 2147483647;
			files = (
				E102F9312207F573002CBE68 /* AreanUITests.swift in Sources */,
			);
			runOnlyForDeploymentPostprocessing = 0;
		};
/* End PBXSourcesBuildPhase section */

/* Begin PBXTargetDependency section */
		E102F9232207F573002CBE68 /* PBXTargetDependency */ = {
			isa = PBXTargetDependency;
			target = E102F90C2207F572002CBE68 /* Arean */;
			targetProxy = E102F9222207F573002CBE68 /* PBXContainerItemProxy */;
		};
		E102F92E2207F573002CBE68 /* PBXTargetDependency */ = {
			isa = PBXTargetDependency;
			target = E102F90C2207F572002CBE68 /* Arean */;
			targetProxy = E102F92D2207F573002CBE68 /* PBXContainerItemProxy */;
		};
/* End PBXTargetDependency section */

/* Begin PBXVariantGroup section */
		E102F9142207F572002CBE68 /* Main.storyboard */ = {
			isa = PBXVariantGroup;
			children = (
				E102F9152207F572002CBE68 /* Base */,
			);
			name = Main.storyboard;
			sourceTree = "<group>";
		};
		E102F9192207F573002CBE68 /* LaunchScreen.storyboard */ = {
			isa = PBXVariantGroup;
			children = (
				E102F91A2207F573002CBE68 /* Base */,
			);
			name = LaunchScreen.storyboard;
			sourceTree = "<group>";
		};
/* End PBXVariantGroup section */

/* Begin XCBuildConfiguration section */
		E102F9332207F573002CBE68 /* Debug */ = {
			isa = XCBuildConfiguration;
			buildSettings = {
				ALWAYS_SEARCH_USER_PATHS = NO;
				CLANG_ANALYZER_NONNULL = YES;
				CLANG_ANALYZER_NUMBER_OBJECT_CONVERSION = YES_AGGRESSIVE;
				CLANG_CXX_LANGUAGE_STANDARD = "gnu++14";
				CLANG_CXX_LIBRARY = "libc++";
				CLANG_ENABLE_MODULES = YES;
				CLANG_ENABLE_OBJC_ARC = YES;
				CLANG_ENABLE_OBJC_WEAK = YES;
				CLANG_WARN_BLOCK_CAPTURE_AUTORELEASING = YES;
				CLANG_WARN_BOOL_CONVERSION = YES;
				CLANG_WARN_COMMA = YES;
				CLANG_WARN_CONSTANT_CONVERSION = YES;
				CLANG_WARN_DEPRECATED_OBJC_IMPLEMENTATIONS = YES;
				CLANG_WARN_DIRECT_OBJC_ISA_USAGE = YES_ERROR;
				CLANG_WARN_DOCUMENTATION_COMMENTS = YES;
				CLANG_WARN_EMPTY_BODY = YES;
				CLANG_WARN_ENUM_CONVERSION = YES;
				CLANG_WARN_INFINITE_RECURSION = YES;
				CLANG_WARN_INT_CONVERSION = YES;
				CLANG_WARN_NON_LITERAL_NULL_CONVERSION = YES;
				CLANG_WARN_OBJC_IMPLICIT_RETAIN_SELF = YES;
				CLANG_WARN_OBJC_LITERAL_CONVERSION = YES;
				CLANG_WARN_OBJC_ROOT_CLASS = YES_ERROR;
				CLANG_WARN_RANGE_LOOP_ANALYSIS = YES;
				CLANG_WARN_STRICT_PROTOTYPES = YES;
				CLANG_WARN_SUSPICIOUS_MOVE = YES;
				CLANG_WARN_UNGUARDED_AVAILABILITY = YES_AGGRESSIVE;
				CLANG_WARN_UNREACHABLE_CODE = YES;
				CLANG_WARN__DUPLICATE_METHOD_MATCH = YES;
				CODE_SIGN_IDENTITY = "iPhone Developer";
				COPY_PHASE_STRIP = NO;
				DEBUG_INFORMATION_FORMAT = dwarf;
				ENABLE_STRICT_OBJC_MSGSEND = YES;
				ENABLE_TESTABILITY = YES;
				GCC_C_LANGUAGE_STANDARD = gnu11;
				GCC_DYNAMIC_NO_PIC = NO;
				GCC_NO_COMMON_BLOCKS = YES;
				GCC_OPTIMIZATION_LEVEL = 0;
				GCC_PREPROCESSOR_DEFINITIONS = (
					"DEBUG=1",
					"$(inherited)",
				);
				GCC_WARN_64_TO_32_BIT_CONVERSION = YES;
				GCC_WARN_ABOUT_RETURN_TYPE = YES_ERROR;
				GCC_WARN_UNDECLARED_SELECTOR = YES;
				GCC_WARN_UNINITIALIZED_AUTOS = YES_AGGRESSIVE;
				GCC_WARN_UNUSED_FUNCTION = YES;
				GCC_WARN_UNUSED_VARIABLE = YES;
				IPHONEOS_DEPLOYMENT_TARGET = 12.1;
				MTL_ENABLE_DEBUG_INFO = INCLUDE_SOURCE;
				MTL_FAST_MATH = YES;
				ONLY_ACTIVE_ARCH = YES;
				SDKROOT = iphoneos;
				SWIFT_ACTIVE_COMPILATION_CONDITIONS = DEBUG;
				SWIFT_OPTIMIZATION_LEVEL = "-Onone";
			};
			name = Debug;
		};
		E102F9342207F573002CBE68 /* Release */ = {
			isa = XCBuildConfiguration;
			buildSettings = {
				ALWAYS_SEARCH_USER_PATHS = NO;
				CLANG_ANALYZER_NONNULL = YES;
				CLANG_ANALYZER_NUMBER_OBJECT_CONVERSION = YES_AGGRESSIVE;
				CLANG_CXX_LANGUAGE_STANDARD = "gnu++14";
				CLANG_CXX_LIBRARY = "libc++";
				CLANG_ENABLE_MODULES = YES;
				CLANG_ENABLE_OBJC_ARC = YES;
				CLANG_ENABLE_OBJC_WEAK = YES;
				CLANG_WARN_BLOCK_CAPTURE_AUTORELEASING = YES;
				CLANG_WARN_BOOL_CONVERSION = YES;
				CLANG_WARN_COMMA = YES;
				CLANG_WARN_CONSTANT_CONVERSION = YES;
				CLANG_WARN_DEPRECATED_OBJC_IMPLEMENTATIONS = YES;
				CLANG_WARN_DIRECT_OBJC_ISA_USAGE = YES_ERROR;
				CLANG_WARN_DOCUMENTATION_COMMENTS = YES;
				CLANG_WARN_EMPTY_BODY = YES;
				CLANG_WARN_ENUM_CONVERSION = YES;
				CLANG_WARN_INFINITE_RECURSION = YES;
				CLANG_WARN_INT_CONVERSION = YES;
				CLANG_WARN_NON_LITERAL_NULL_CONVERSION = YES;
				CLANG_WARN_OBJC_IMPLICIT_RETAIN_SELF = YES;
				CLANG_WARN_OBJC_LITERAL_CONVERSION = YES;
				CLANG_WARN_OBJC_ROOT_CLASS = YES_ERROR;
				CLANG_WARN_RANGE_LOOP_ANALYSIS = YES;
				CLANG_WARN_STRICT_PROTOTYPES = YES;
				CLANG_WARN_SUSPICIOUS_MOVE = YES;
				CLANG_WARN_UNGUARDED_AVAILABILITY = YES_AGGRESSIVE;
				CLANG_WARN_UNREACHABLE_CODE = YES;
				CLANG_WARN__DUPLICATE_METHOD_MATCH = YES;
				CODE_SIGN_IDENTITY = "iPhone Developer";
				COPY_PHASE_STRIP = NO;
				DEBUG_INFORMATION_FORMAT = "dwarf-with-dsym";
				ENABLE_NS_ASSERTIONS = NO;
				ENABLE_STRICT_OBJC_MSGSEND = YES;
				GCC_C_LANGUAGE_STANDARD = gnu11;
				GCC_NO_COMMON_BLOCKS = YES;
				GCC_WARN_64_TO_32_BIT_CONVERSION = YES;
				GCC_WARN_ABOUT_RETURN_TYPE = YES_ERROR;
				GCC_WARN_UNDECLARED_SELECTOR = YES;
				GCC_WARN_UNINITIALIZED_AUTOS = YES_AGGRESSIVE;
				GCC_WARN_UNUSED_FUNCTION = YES;
				GCC_WARN_UNUSED_VARIABLE = YES;
				IPHONEOS_DEPLOYMENT_TARGET = 12.1;
				MTL_ENABLE_DEBUG_INFO = NO;
				MTL_FAST_MATH = YES;
				SDKROOT = iphoneos;
				SWIFT_COMPILATION_MODE = wholemodule;
				SWIFT_OPTIMIZATION_LEVEL = "-O";
				VALIDATE_PRODUCT = YES;
			};
			name = Release;
		};
		E102F9362207F573002CBE68 /* Debug */ = {
			isa = XCBuildConfiguration;
			baseConfigurationReference = 2E3E97FF44FE6EFFBD6D3DD6 /* Pods-Arean.debug.xcconfig */;
			buildSettings = {
				ASSETCATALOG_COMPILER_APPICON_NAME = AppIcon;
				CODE_SIGN_STYLE = Automatic;
				DEVELOPMENT_TEAM = 3XL8Y93LP9;
				INFOPLIST_FILE = Arean/Info.plist;
				LD_RUNPATH_SEARCH_PATHS = (
					"$(inherited)",
					"@executable_path/Frameworks",
				);
				PRODUCT_BUNDLE_IDENTIFIER = WWProject.Arean;
				PRODUCT_NAME = "$(TARGET_NAME)";
				SWIFT_VERSION = 4.2;
				TARGETED_DEVICE_FAMILY = "1,2";
			};
			name = Debug;
		};
		E102F9372207F573002CBE68 /* Release */ = {
			isa = XCBuildConfiguration;
			baseConfigurationReference = 9ECED3B48BD51DD3FCD8C709 /* Pods-Arean.release.xcconfig */;
			buildSettings = {
				ASSETCATALOG_COMPILER_APPICON_NAME = AppIcon;
				CODE_SIGN_STYLE = Automatic;
				DEVELOPMENT_TEAM = 3XL8Y93LP9;
				INFOPLIST_FILE = Arean/Info.plist;
				LD_RUNPATH_SEARCH_PATHS = (
					"$(inherited)",
					"@executable_path/Frameworks",
				);
				PRODUCT_BUNDLE_IDENTIFIER = WWProject.Arean;
				PRODUCT_NAME = "$(TARGET_NAME)";
				SWIFT_VERSION = 4.2;
				TARGETED_DEVICE_FAMILY = "1,2";
			};
			name = Release;
		};
		E102F9392207F573002CBE68 /* Debug */ = {
			isa = XCBuildConfiguration;
			buildSettings = {
				ALWAYS_EMBED_SWIFT_STANDARD_LIBRARIES = YES;
				BUNDLE_LOADER = "$(TEST_HOST)";
				CODE_SIGN_STYLE = Automatic;
				DEVELOPMENT_TEAM = 3XL8Y93LP9;
				INFOPLIST_FILE = AreanTests/Info.plist;
				LD_RUNPATH_SEARCH_PATHS = (
					"$(inherited)",
					"@executable_path/Frameworks",
					"@loader_path/Frameworks",
				);
				PRODUCT_BUNDLE_IDENTIFIER = WWProject.AreanTests;
				PRODUCT_NAME = "$(TARGET_NAME)";
				SWIFT_VERSION = 4.2;
				TARGETED_DEVICE_FAMILY = "1,2";
				TEST_HOST = "$(BUILT_PRODUCTS_DIR)/Arean.app/Arean";
			};
			name = Debug;
		};
		E102F93A2207F573002CBE68 /* Release */ = {
			isa = XCBuildConfiguration;
			buildSettings = {
				ALWAYS_EMBED_SWIFT_STANDARD_LIBRARIES = YES;
				BUNDLE_LOADER = "$(TEST_HOST)";
				CODE_SIGN_STYLE = Automatic;
				DEVELOPMENT_TEAM = 3XL8Y93LP9;
				INFOPLIST_FILE = AreanTests/Info.plist;
				LD_RUNPATH_SEARCH_PATHS = (
					"$(inherited)",
					"@executable_path/Frameworks",
					"@loader_path/Frameworks",
				);
				PRODUCT_BUNDLE_IDENTIFIER = WWProject.AreanTests;
				PRODUCT_NAME = "$(TARGET_NAME)";
				SWIFT_VERSION = 4.2;
				TARGETED_DEVICE_FAMILY = "1,2";
				TEST_HOST = "$(BUILT_PRODUCTS_DIR)/Arean.app/Arean";
			};
			name = Release;
		};
		E102F93C2207F573002CBE68 /* Debug */ = {
			isa = XCBuildConfiguration;
			buildSettings = {
				ALWAYS_EMBED_SWIFT_STANDARD_LIBRARIES = YES;
				CODE_SIGN_STYLE = Automatic;
				DEVELOPMENT_TEAM = 3XL8Y93LP9;
				INFOPLIST_FILE = AreanUITests/Info.plist;
				LD_RUNPATH_SEARCH_PATHS = (
					"$(inherited)",
					"@executable_path/Frameworks",
					"@loader_path/Frameworks",
				);
				PRODUCT_BUNDLE_IDENTIFIER = WWProject.AreanUITests;
				PRODUCT_NAME = "$(TARGET_NAME)";
				SWIFT_VERSION = 4.2;
				TARGETED_DEVICE_FAMILY = "1,2";
				TEST_TARGET_NAME = Arean;
			};
			name = Debug;
		};
		E102F93D2207F573002CBE68 /* Release */ = {
			isa = XCBuildConfiguration;
			buildSettings = {
				ALWAYS_EMBED_SWIFT_STANDARD_LIBRARIES = YES;
				CODE_SIGN_STYLE = Automatic;
				DEVELOPMENT_TEAM = 3XL8Y93LP9;
				INFOPLIST_FILE = AreanUITests/Info.plist;
				LD_RUNPATH_SEARCH_PATHS = (
					"$(inherited)",
					"@executable_path/Frameworks",
					"@loader_path/Frameworks",
				);
				PRODUCT_BUNDLE_IDENTIFIER = WWProject.AreanUITests;
				PRODUCT_NAME = "$(TARGET_NAME)";
				SWIFT_VERSION = 4.2;
				TARGETED_DEVICE_FAMILY = "1,2";
				TEST_TARGET_NAME = Arean;
			};
			name = Release;
		};
/* End XCBuildConfiguration section */

/* Begin XCConfigurationList section */
		E102F9082207F572002CBE68 /* Build configuration list for PBXProject "Arean" */ = {
			isa = XCConfigurationList;
			buildConfigurations = (
				E102F9332207F573002CBE68 /* Debug */,
				E102F9342207F573002CBE68 /* Release */,
			);
			defaultConfigurationIsVisible = 0;
			defaultConfigurationName = Release;
		};
		E102F9352207F573002CBE68 /* Build configuration list for PBXNativeTarget "Arean" */ = {
			isa = XCConfigurationList;
			buildConfigurations = (
				E102F9362207F573002CBE68 /* Debug */,
				E102F9372207F573002CBE68 /* Release */,
			);
			defaultConfigurationIsVisible = 0;
			defaultConfigurationName = Release;
		};
		E102F9382207F573002CBE68 /* Build configuration list for PBXNativeTarget "AreanTests" */ = {
			isa = XCConfigurationList;
			buildConfigurations = (
				E102F9392207F573002CBE68 /* Debug */,
				E102F93A2207F573002CBE68 /* Release */,
			);
			defaultConfigurationIsVisible = 0;
			defaultConfigurationName = Release;
		};
		E102F93B2207F573002CBE68 /* Build configuration list for PBXNativeTarget "AreanUITests" */ = {
			isa = XCConfigurationList;
			buildConfigurations = (
				E102F93C2207F573002CBE68 /* Debug */,
				E102F93D2207F573002CBE68 /* Release */,
			);
			defaultConfigurationIsVisible = 0;
			defaultConfigurationName = Release;
		};
/* End XCConfigurationList section */
	};
	rootObject = E102F9052207F572002CBE68 /* Project object */;
}
